
Microsoft Visual Studio Solution File, Format Version 12.00
# Visual Studio Version 17
VisualStudioVersion = 17.0.32014.148
MinimumVisualStudioVersion = 10.0.40219.1
Project("{FAE04EC0-301F-11D3-BF4B-00C04F79EFBC}") = "proj_back", "proj_back\proj_back.csproj", "{8E088768-41AD-4E53-9CBB-9832EAA7A020}"
EndProject
Global
	GlobalSection(SolutionConfigurationPlatforms) = preSolution
		Debug|Any CPU = Debug|Any CPU
		Release|Any CPU = Release|Any CPU
	EndGlobalSection
	GlobalSection(ProjectConfigurationPlatforms) = postSolution
		{8E088768-41AD-4E53-9CBB-9832EAA7A020}.Debug|Any CPU.ActiveCfg = Debug|Any CPU
		{8E088768-41AD-4E53-9CBB-9832EAA7A020}.Debug|Any CPU.Build.0 = Debug|Any CPU
		{8E088768-41AD-4E53-9CBB-9832EAA7A020}.Release|Any CPU.ActiveCfg = Release|Any CPU
		{8E088768-41AD-4E53-9CBB-9832EAA7A020}.Release|Any CPU.Build.0 = Release|Any CPU
	EndGlobalSection
	GlobalSection(SolutionProperties) = preSolution
		HideSolutionNode = FALSE
	EndGlobalSection
	GlobalSection(ExtensibilityGlobals) = postSolution
		SolutionGuid = {70651014-F966-4AD9-845D-5F9EAA63FC69}
	EndGlobalSection
EndGlobal
